
Microsoft Visual Studio Solution File, Format Version 12.00
# Visual Studio 15
VisualStudioVersion = 15.0.28307.757
MinimumVisualStudioVersion = 10.0.40219.1
Project("{FAE04EC0-301F-11D3-BF4B-00C04F79EFBC}") = "ConsoleFallingBlockPuzzle", "ConsoleFallingBlockPuzzle\ConsoleFallingBlockPuzzle.csproj", "{5069ABB5-8FB0-4CEA-AEF4-AF893797439F}"
EndProject
Global
	GlobalSection(SolutionConfigurationPlatforms) = preSolution
		Debug|Any CPU = Debug|Any CPU
		Release|Any CPU = Release|Any CPU
	EndGlobalSection
	GlobalSection(ProjectConfigurationPlatforms) = postSolution
		{5069ABB5-8FB0-4CEA-AEF4-AF893797439F}.Debug|Any CPU.ActiveCfg = Debug|Any CPU
		{5069ABB5-8FB0-4CEA-AEF4-AF893797439F}.Debug|Any CPU.Build.0 = Debug|Any CPU
		{5069ABB5-8FB0-4CEA-AEF4-AF893797439F}.Release|Any CPU.ActiveCfg = Release|Any CPU
		{5069ABB5-8FB0-4CEA-AEF4-AF893797439F}.Release|Any CPU.Build.0 = Release|Any CPU
	EndGlobalSection
	GlobalSection(SolutionProperties) = preSolution
		HideSolutionNode = FALSE
	EndGlobalSection
	GlobalSection(ExtensibilityGlobals) = postSolution
		SolutionGuid = {5A3A72DA-891E-4429-9570-C2137F27CB98}
	EndGlobalSection
EndGlobal
